
Microsoft Visual Studio Solution File, Format Version 12.00
# Visual Studio Version 16
VisualStudioVersion = 16.0.29911.84
MinimumVisualStudioVersion = 10.0.40219.1
Project("{9A19103F-16F7-4668-BE54-9A1E7A4F7556}") = "program2_5", "program2_5\program2_5.csproj", "{A888B212-BE87-49A5-A090-CC7958A48A7F}"
EndProject
Project("{FAE04EC0-301F-11D3-BF4B-00C04F79EFBC}") = "Jun10_01", "Jun10_01\Jun10_01.csproj", "{74F4500D-ADAF-4620-BD79-DC1BEF9AC892}"
EndProject
Global
	GlobalSection(SolutionConfigurationPlatforms) = preSolution
		Debug|Any CPU = Debug|Any CPU
		Release|Any CPU = Release|Any CPU
	EndGlobalSection
	GlobalSection(ProjectConfigurationPlatforms) = postSolution
		{A888B212-BE87-49A5-A090-CC7958A48A7F}.Debug|Any CPU.ActiveCfg = Debug|Any CPU
		{A888B212-BE87-49A5-A090-CC7958A48A7F}.Debug|Any CPU.Build.0 = Debug|Any CPU
		{A888B212-BE87-49A5-A090-CC7958A48A7F}.Release|Any CPU.ActiveCfg = Release|Any CPU
		{A888B212-BE87-49A5-A090-CC7958A48A7F}.Release|Any CPU.Build.0 = Release|Any CPU
		{74F4500D-ADAF-4620-BD79-DC1BEF9AC892}.Debug|Any CPU.ActiveCfg = Debug|Any CPU
		{74F4500D-ADAF-4620-BD79-DC1BEF9AC892}.Debug|Any CPU.Build.0 = Debug|Any CPU
		{74F4500D-ADAF-4620-BD79-DC1BEF9AC892}.Release|Any CPU.ActiveCfg = Release|Any CPU
		{74F4500D-ADAF-4620-BD79-DC1BEF9AC892}.Release|Any CPU.Build.0 = Release|Any CPU
	EndGlobalSection
	GlobalSection(SolutionProperties) = preSolution
		HideSolutionNode = FALSE
	EndGlobalSection
	GlobalSection(ExtensibilityGlobals) = postSolution
		SolutionGuid = {0F2879EA-FA2C-419D-B962-8B9B4A969D77}
	EndGlobalSection
EndGlobal
